
Microsoft Visual Studio Solution File, Format Version 12.00
# Visual Studio Version 16
VisualStudioVersion = 16.0.32228.343
MinimumVisualStudioVersion = 10.0.40219.1
Project("{FAE04EC0-301F-11D3-BF4B-00C04F79EFBC}") = "GeoGrid_test", "GeoGrid_test.csproj", "{5710A0A4-6535-4D73-B442-CB9D4CFDEB1D}"
EndProject
Global
	GlobalSection(SolutionConfigurationPlatforms) = preSolution
		Debug|Any CPU = Debug|Any CPU
		Release|Any CPU = Release|Any CPU
	EndGlobalSection
	GlobalSection(ProjectConfigurationPlatforms) = postSolution
		{5710A0A4-6535-4D73-B442-CB9D4CFDEB1D}.Debug|Any CPU.ActiveCfg = Debug|Any CPU
		{5710A0A4-6535-4D73-B442-CB9D4CFDEB1D}.Debug|Any CPU.Build.0 = Debug|Any CPU
		{5710A0A4-6535-4D73-B442-CB9D4CFDEB1D}.Release|Any CPU.ActiveCfg = Release|Any CPU
		{5710A0A4-6535-4D73-B442-CB9D4CFDEB1D}.Release|Any CPU.Build.0 = Release|Any CPU
	EndGlobalSection
	GlobalSection(SolutionProperties) = preSolution
		HideSolutionNode = FALSE
	EndGlobalSection
	GlobalSection(ExtensibilityGlobals) = postSolution
		SolutionGuid = {0B216557-4A9D-49E1-86CF-D82111E45F49}
	EndGlobalSection
EndGlobal
